{"is_source_file": false, "format": "", "description": "", "external_files": [], "external_methods": [], "published": [], "classes": [], "methods": [], "calls": [], "search-terms": [], "state": 2, "file_id": 30, "knowledge_revision": 61, "git_revision": "3a722fd9854a4b2faafe6c4c5bc19f3a991669f5", "filename": "/home/kavia/workspace/code-generation/piggyhabit-16001-cd281d36/piggyhabit/post_process_status.lock", "hash": "e9b4c3b42cef0193b7fddb548d37e652", "format-version": 4, "code-base-name": "default", "revision_history": [{"61": "3a722fd9854a4b2faafe6c4c5bc19f3a991669f5"}]}