{"is_source_file": false, "format": "", "description": "", "external_files": [], "external_methods": [], "published": [], "classes": [], "methods": [], "calls": [], "search-terms": [], "state": 2, "file_id": 16, "knowledge_revision": 26, "git_revision": "2f5884daed595b4a588eac75f0fc450633917c00", "filename": "/home/kavia/workspace/code-generation/piggyhabit-16001-cd281d36/piggyhabit/post_process_status.lock", "hash": "9c4ed7ef73e22b872b8055bec08b8979", "format-version": 4, "code-base-name": "default", "revision_history": [{"26": "2f5884daed595b4a588eac75f0fc450633917c00"}]}